# This file may be used to create an environment using:
# $ conda create --name <env> --file <this file>
# platform: linux-64
# created-by: conda 25.7.0
@EXPLICIT
https://conda.anaconda.org/conda-forge/noarch/ca-certificates-2026.4.22-hbd8a1cb_0.conda#e18ad67cf881dcadee8b8d9e2f8e5f73
https://conda.anaconda.org/nvidia/linux-64/cuda-cudart-11.8.89-0.tar.bz2#b68c7ef3eda01e95d5903fb508c5e440
https://conda.anaconda.org/nvidia/linux-64/cuda-cupti-11.8.87-0.tar.bz2#2f4b4933285400137cf029fef9a7daa6
https://conda.anaconda.org/nvidia/linux-64/cuda-nvrtc-11.8.89-0.tar.bz2#f4af75ee32661708c979630cdb8f4987
https://conda.anaconda.org/nvidia/linux-64/cuda-nvtx-11.8.86-0.tar.bz2#1825ffc3feb608f2752073935e90bb49
https://conda.anaconda.org/conda-forge/noarch/font-ttf-dejavu-sans-mono-2.37-hab24e00_0.tar.bz2#0c96522c6bdaed4b1566d11387caaf45
https://conda.anaconda.org/conda-forge/noarch/font-ttf-inconsolata-3.000-h77eed37_0.tar.bz2#34893075a5c9e55cdafac56607368fc6
https://conda.anaconda.org/conda-forge/noarch/font-ttf-source-code-pro-2.038-h77eed37_0.tar.bz2#4d59c254e01d9cde7957100457e2d5fb
https://conda.anaconda.org/conda-forge/noarch/font-ttf-ubuntu-0.83-h77eed37_3.conda#49023d73832ef61042f6a237cb2687e7
https://conda.anaconda.org/conda-forge/linux-64/ld_impl_linux-64-2.45.1-bootstrap_ha15bf96_2.conda#bafc61899c34054d1f5e7cd85a2f81e9
https://conda.anaconda.org/nvidia/linux-64/libcublas-11.11.3.6-0.tar.bz2#7700a48c99151d2b77e7838aa0852da9
https://conda.anaconda.org/nvidia/linux-64/libcufft-10.9.0.58-0.tar.bz2#dbb21687334ce5f8e6a233cb18ee406b
https://conda.anaconda.org/nvidia/linux-64/libcufile-1.9.1.3-0.tar.bz2#9cfc0beef98713d3be47f934251b5154
https://conda.anaconda.org/nvidia/linux-64/libcurand-10.3.5.147-0.tar.bz2#e9406bdc4209f8cd5fdb40c8df41d3d9
https://conda.anaconda.org/nvidia/linux-64/libcusolver-11.4.1.48-0.tar.bz2#a497123295be4e0bd221da5bf215f8b8
https://conda.anaconda.org/nvidia/linux-64/libcusparse-11.7.5.86-0.tar.bz2#853c37fabd07b5b91d3007afc82c3ed4
https://conda.anaconda.org/nvidia/linux-64/libnpp-11.8.0.86-0.tar.bz2#03822c4b5dae5988ba9dcb7eae837345
https://conda.anaconda.org/nvidia/linux-64/libnvjpeg-11.9.0.86-0.tar.bz2#e42d6f0f20feb0cba0165d5cae33362f
https://conda.anaconda.org/conda-forge/linux-64/mkl-include-2022.1.0-h84fe81f_915.tar.bz2#2dcd1acca05c11410d4494d7fc7dfa2a
https://conda.anaconda.org/conda-forge/noarch/python_abi-3.10-8_cp310.conda#05e00f3b21e88bb3d658ac700b2ce58c
https://conda.anaconda.org/pytorch/noarch/pytorch-mutex-1.0-cuda.tar.bz2#a948316e36fb5b11223b3fcfa93f8358
https://conda.anaconda.org/conda-forge/noarch/tzdata-2025c-hc9c84f9_1.conda#ad659d0a2b3e47e38d829aa8cad2d610
https://conda.anaconda.org/nvidia/linux-64/cuda-libraries-11.8.0-0.tar.bz2#3a43d100104e52ac8209a834c82ab231
https://conda.anaconda.org/conda-forge/noarch/fonts-conda-forge-1-hc364b38_1.conda#a7970cd949a077b7cb9696379d338681
https://conda.anaconda.org/nvidia/linux-64/cuda-runtime-11.8.0-0.tar.bz2#3ca379d762f8d7bd727df9e2c9b30664
https://conda.anaconda.org/conda-forge/noarch/fonts-conda-ecosystem-1-0.tar.bz2#fee5683a3f04bd15cbd8318b096a27ab
https://conda.anaconda.org/pytorch/linux-64/pytorch-cuda-11.8-h7e8668a_6.tar.bz2#84fb23b7a51f0f4942c33412ea19f833
https://conda.anaconda.org/conda-forge/linux-64/_openmp_mutex-4.5-7_kmp_llvm.conda#887b70e1d607fba7957aa02f9ee0d939
https://conda.anaconda.org/conda-forge/linux-64/libgcc-15.2.0-he0feb66_19.conda#57736f29cc2b0ec0b6c2952d3f101b6a
https://conda.anaconda.org/conda-forge/linux-64/bzip2-1.0.8-hda65f42_9.conda#d2ffd7602c02f2b316fd921d39876885
https://conda.anaconda.org/conda-forge/linux-64/c-ares-1.34.6-hb03c661_0.conda#920bb03579f15389b9e512095ad995b7
https://conda.anaconda.org/conda-forge/linux-64/keyutils-1.6.3-hb9d3cd8_0.conda#b38117a3c920364aff79f870c984b4a3
https://conda.anaconda.org/conda-forge/linux-64/libdeflate-1.25-h17f619e_0.conda#6c77a605a7a689d17d4819c0f8ac9a00
https://conda.anaconda.org/conda-forge/linux-64/libexpat-2.8.0-hecca717_0.conda#a3b390520c563d78cc58974de95a03e5
https://conda.anaconda.org/conda-forge/linux-64/libffi-3.5.2-h3435931_0.conda#a360c33a5abe61c07959e449fa1453eb
https://conda.anaconda.org/conda-forge/linux-64/libgcc-ng-15.2.0-h69a702a_19.conda#331ee9b72b9dff570d56b1302c5ab37d
https://conda.anaconda.org/conda-forge/linux-64/libgfortran5-15.2.0-h68bc16d_19.conda#85072b0ad177c966294f129b7c04a2d5
https://conda.anaconda.org/conda-forge/linux-64/libiconv-1.18-h3b78370_2.conda#915f5995e94f60e9a4826e0b0920ee88
https://conda.anaconda.org/conda-forge/linux-64/liblzma-5.8.3-hb03c661_0.conda#b88d90cad08e6bc8ad540cb310a761fb
https://conda.anaconda.org/conda-forge/linux-64/libnsl-2.0.1-hb9d3cd8_1.conda#d864d34357c3b65a4b731f78c0801dc4
https://conda.anaconda.org/conda-forge/linux-64/libstdcxx-15.2.0-h934c35e_19.conda#5794b3bdc38177caf969dabd3af08549
https://conda.anaconda.org/conda-forge/linux-64/libuuid-2.42-h5347b49_0.conda#38ffe67b78c9d4de527be8315e5ada2c
https://conda.anaconda.org/conda-forge/linux-64/libwebp-base-1.6.0-hd42ef1d_0.conda#aea31d2e5b1091feca96fcfe945c3cf9
https://conda.anaconda.org/conda-forge/linux-64/ncurses-6.6-hdb14827_0.conda#fc21868a1a5aacc937e7a18747acb8a5
https://conda.anaconda.org/conda-forge/linux-64/openssl-3.6.2-h35e630c_0.conda#da1b85b6a87e141f5140bb9924cecab0
https://conda.anaconda.org/conda-forge/linux-64/pthread-stubs-0.4-hb9d3cd8_1002.conda#b3c17d95b5a10c6e64a21fa17573e70e
https://conda.anaconda.org/conda-forge/linux-64/xorg-kbproto-1.0.7-hb9d3cd8_1003.conda#e87bfacb110d85e1eb6099c9ed8e7236
https://conda.anaconda.org/conda-forge/linux-64/xorg-libice-1.1.2-hb9d3cd8_0.conda#fb901ff28063514abb6046c9ec2c4a45
https://conda.anaconda.org/conda-forge/linux-64/xorg-libxau-1.0.12-hb03c661_1.conda#b2895afaf55bf96a8c8282a2e47a5de0
https://conda.anaconda.org/conda-forge/linux-64/xorg-libxdmcp-1.1.5-hb03c661_1.conda#1dafce8548e38671bea82e3f5c6ce22f
https://conda.anaconda.org/conda-forge/linux-64/xorg-renderproto-0.11.1-hb9d3cd8_1003.conda#bf90782559bce8447609933a7d45995a
https://conda.anaconda.org/conda-forge/linux-64/xorg-xextproto-7.3.0-hb9d3cd8_1004.conda#bc4cd53a083b6720d61a1519a1900878
https://conda.anaconda.org/conda-forge/linux-64/xorg-xproto-7.0.31-hb9d3cd8_1008.conda#a63f5b66876bb1ec734ab4bdc4d11e86
https://conda.anaconda.org/conda-forge/linux-64/yaml-0.2.5-h280c20c_3.conda#a77f85f77be52ff59391544bfe73390a
https://conda.anaconda.org/conda-forge/linux-64/dav1d-1.0.0-h166bdaf_1.tar.bz2#e890928299fe7242a108850fc0a5b7fc
https://conda.anaconda.org/conda-forge/linux-64/expat-2.8.0-hecca717_0.conda#992e529e407c9d67d50be1d7543fde4c
https://conda.anaconda.org/conda-forge/linux-64/giflib-5.2.2-hd590300_0.conda#3bf7b9fd5a7136126e0234db4b87c8b6
https://conda.anaconda.org/conda-forge/linux-64/jpeg-9e-h0b41bf4_3.conda#c7a069243e1fbe9a556ed2ec030e6407
https://conda.anaconda.org/conda-forge/linux-64/jxrlib-1.1-hd590300_3.conda#5aeabe88534ea4169d4c49998f293d6c
https://conda.anaconda.org/conda-forge/linux-64/libaec-1.1.5-h088129d_0.conda#86f7414544ae606282352fa1e116b41f
https://conda.anaconda.org/conda-forge/linux-64/libbrotlicommon-1.0.9-h166bdaf_9.conda#61641e239f96eae2b8492dc7e755828c
https://conda.anaconda.org/conda-forge/linux-64/libedit-3.1.20250104-pl5321h7949ede_0.conda#c277e0a4d549b03ac1e9d6cbbe3d017b
https://conda.anaconda.org/conda-forge/linux-64/libev-4.33-hd590300_2.conda#172bf1cd1ff8629f2b1179945ed45055
https://conda.anaconda.org/conda-forge/linux-64/libgfortran-15.2.0-h69a702a_19.conda#42bf7eca1a951735fa06c0e3c0d5c8e6
https://conda.anaconda.org/conda-forge/linux-64/liblzma-devel-5.8.3-hb03c661_0.conda#55c20edec8e90c4703787acaade60808
https://conda.anaconda.org/conda-forge/linux-64/libsodium-1.0.20-h4ab18f5_0.conda#a587892d3c13b6621a6091be690dbca2
https://conda.anaconda.org/conda-forge/linux-64/libstdcxx-ng-15.2.0-hdf11a46_19.conda#e5ce228e579726c07255dbf90dc62101
https://conda.anaconda.org/conda-forge/linux-64/libxcb-1.15-h0b41bf4_0.conda#33277193f5b92bad9fdd230eb700929c
https://conda.anaconda.org/conda-forge/linux-64/libxcrypt-4.4.36-hd590300_1.conda#5aa797f8787fe7a17d1b0821485b5adc
https://conda.anaconda.org/conda-forge/linux-64/libzlib-1.2.13-h4ab18f5_6.conda#27329162c0dc732bcf67a4e0cd488125
https://conda.anaconda.org/conda-forge/linux-64/pixman-0.46.4-h54a6638_1.conda#c01af13bdc553d1a8fbfff6e8db075f0
https://conda.anaconda.org/conda-forge/linux-64/readline-8.3-h853b02a_0.conda#d7d95fc8287ea7bf33e0e7116d2b95ec
https://conda.anaconda.org/conda-forge/linux-64/xorg-libsm-1.2.6-he73a12e_0.conda#1c74ff8c35dcadf952a16f752ca5aa49
https://conda.anaconda.org/conda-forge/linux-64/xz-gpl-tools-5.8.3-ha02ee65_0.conda#8f5e2c6726c1339287a3c76a2c138ac7
https://conda.anaconda.org/conda-forge/linux-64/xz-tools-5.8.3-hb03c661_0.conda#b62b615caa60812640f24db3a8d0fc87
https://conda.anaconda.org/conda-forge/linux-64/zlib-ng-2.3.3-hceb46e0_1.conda#2aadb0d17215603a82a2a6b0afd9a4cb
https://conda.anaconda.org/conda-forge/linux-64/aom-3.5.0-h27087fc_0.tar.bz2#a08150fd2298460cd1fcccf626305642
https://conda.anaconda.org/conda-forge/linux-64/charls-2.3.4-h9c3ff4c_0.tar.bz2#c3f85a96a52befc5e41cab1145c8d3c2
https://conda.anaconda.org/conda-forge/linux-64/gmp-6.3.0-hac33072_2.conda#c94a5994ef49749880a8139cf9afcbe1
https://conda.anaconda.org/conda-forge/linux-64/icu-73.2-h59595ed_0.conda#cc47e1facc155f91abd89b11e48e72ff
https://conda.anaconda.org/conda-forge/linux-64/krb5-1.21.3-h659f571_0.conda#3f43953b7d3fb3aaa1d0d0723d91e368
https://conda.anaconda.org/conda-forge/linux-64/lerc-3.0-h9c3ff4c_0.tar.bz2#7fcefde484980d23f0ec24c11e314d2e
https://conda.anaconda.org/conda-forge/linux-64/libbrotlidec-1.0.9-h166bdaf_9.conda#081aa22f4581c08e4372b0b6c2f8478e
https://conda.anaconda.org/conda-forge/linux-64/libbrotlienc-1.0.9-h166bdaf_9.conda#1f0a03af852a9659ed2bf08f2f1704fd
https://conda.anaconda.org/conda-forge/linux-64/libgfortran-ng-15.2.0-h69a702a_19.conda#35d07243abf828674d273aecd1dd537e
https://conda.anaconda.org/conda-forge/linux-64/libnghttp2-1.58.0-h47da74e_1.conda#700ac6ea6d53d5510591c4344d5c989a
https://conda.anaconda.org/conda-forge/linux-64/libpng-1.6.43-h2797004_0.conda#009981dd9cfcaa4dbfa25ffaed86bcae
https://conda.anaconda.org/conda-forge/linux-64/libsqlite-3.46.0-hde9e2c9_0.conda#18aa975d2094c34aef978060ae7da7d8
https://conda.anaconda.org/conda-forge/linux-64/libssh2-1.11.0-h0841786_0.conda#1f5a58e686b13bcfde88b93f547d23fe
https://conda.anaconda.org/conda-forge/linux-64/libzopfli-1.0.3-h9c3ff4c_0.tar.bz2#c66fe2d123249af7651ebde8984c51c2
https://conda.anaconda.org/conda-forge/linux-64/llvm-openmp-15.0.7-h0cdce71_0.conda#589c9a3575a050b583241c3d688ad9aa
https://conda.anaconda.org/conda-forge/linux-64/lz4-c-1.9.3-h9c3ff4c_1.tar.bz2#fbe97e8fa6f275d7c76a09e795adc3e6
https://conda.anaconda.org/conda-forge/linux-64/pcre2-10.43-hcad00b1_0.conda#8292dea9e022d9610a11fce5e0896ed8
https://conda.anaconda.org/conda-forge/linux-64/qhull-2020.2-h434a139_5.conda#353823361b1d27eb3960efb076dfcaf6
https://conda.anaconda.org/conda-forge/linux-64/snappy-1.1.10-hdb0a2a9_1.conda#78b8b85bdf1f42b8a2b3cb577d8742d1
https://conda.anaconda.org/conda-forge/linux-64/tk-8.6.13-noxft_h4845f30_101.conda#d453b98d9c83e71da0741bb0ff4d76bc
https://conda.anaconda.org/conda-forge/linux-64/xorg-libx11-1.8.9-h8ee46fc_0.conda#077b6e8ad6a3ddb741fce2496dd01bec
https://conda.anaconda.org/conda-forge/linux-64/xz-5.8.3-ha02ee65_0.conda#6a1b6af49a334e4e06b9f103367762bf
https://conda.anaconda.org/conda-forge/linux-64/zfp-0.5.5-h9c3ff4c_8.tar.bz2#f12900b1e1e0527c0e9a4e922a5de2bf
https://conda.anaconda.org/conda-forge/linux-64/zlib-1.2.13-h4ab18f5_6.conda#559d338a4234c2ad6e676f460a093e67
https://conda.anaconda.org/conda-forge/linux-64/zstd-1.5.6-ha6fb4c9_0.conda#4d056880988120e29d75bfff282e0f45
https://conda.anaconda.org/conda-forge/linux-64/blosc-1.21.5-h0f2a231_0.conda#009521b7ed97cca25f8f997f9e745976
https://conda.anaconda.org/conda-forge/linux-64/brotli-bin-1.0.9-h166bdaf_9.conda#d47dee1856d9cb955b8076eeff304a5b
https://conda.anaconda.org/conda-forge/linux-64/c-blosc2-2.0.4-h5f21a17_1.tar.bz2#5a5c87220eae9668cb281e2a2063e612
https://conda.anaconda.org/conda-forge/linux-64/freetype-2.12.1-h267a509_2.conda#9ae35c3d96db2c94ce0cef86efdfa2cb
https://conda.anaconda.org/conda-forge/linux-64/libavif-0.10.1-h5cdd6b5_2.tar.bz2#09673e77892f61ce9bae76dea92f921a
https://conda.anaconda.org/conda-forge/linux-64/libboost-1.84.0-hba137d9_3.conda#0302d3052e643fd778d1021530b6a3e1
https://conda.anaconda.org/conda-forge/linux-64/libcurl-8.8.0-hca28451_1.conda#b8afb3e3cb3423cc445cf611ab95fdb0
https://conda.anaconda.org/conda-forge/linux-64/libglib-2.80.2-hf974151_0.conda#72724f6a78ecb15559396966226d5838
https://conda.anaconda.org/conda-forge/linux-64/libpq-16.12-hc183893_0.conda#b5fd3629c2b84ad66f4df615279ddb90
https://conda.anaconda.org/conda-forge/linux-64/libtiff-4.3.0-h0fcbabc_4.tar.bz2#2cdb3944029c2cb99cbe981b182a2e9a
https://conda.anaconda.org/conda-forge/linux-64/libxml2-2.12.7-hc051c1a_1.conda#340278ded8b0dc3a73f3660bbb0adbc6
https://conda.anaconda.org/conda-forge/linux-64/mpfr-4.2.2-he0a73b1_0.conda#85ce2ffa51ab21da5efa4a9edc5946aa
https://conda.anaconda.org/conda-forge/linux-64/python-3.10.14-hd12c33a_0_cpython.conda#2b4ba962994e8bd4be9ff5b64b75aff2
https://conda.anaconda.org/conda-forge/linux-64/xorg-libxext-1.3.4-h0b41bf4_2.conda#82b6df12252e6f32402b96dacc656fec
https://conda.anaconda.org/conda-forge/linux-64/xorg-libxrender-0.9.11-hd590300_0.conda#ed67c36f215b310412b2af935bf3e530
https://conda.anaconda.org/conda-forge/linux-64/zeromq-4.3.5-h387f397_9.conda#8035e5b54c08429354d5d64027041cad
https://conda.anaconda.org/conda-forge/noarch/asttokens-3.0.1-pyhd8ed1ab_0.conda#9673a61a297b00016442e022d689faa6
https://conda.anaconda.org/conda-forge/linux-64/brotli-1.0.9-h166bdaf_9.conda#4601544b4982ba1861fa9b9c607b2c06
https://conda.anaconda.org/conda-forge/linux-64/brotli-python-1.0.9-py310hd8f1fbe_9.conda#e2047ad2af52c01845f58b580c6cbd5c
https://conda.anaconda.org/conda-forge/noarch/certifi-2026.4.22-pyhd8ed1ab_0.conda#929471569c93acefb30282a22060dcd5
https://conda.anaconda.org/conda-forge/linux-64/cfitsio-4.1.0-hd9d235c_0.tar.bz2#ebc04a148d7204bb428f8633b89fd3dd
https://conda.anaconda.org/conda-forge/noarch/charset-normalizer-3.4.7-pyhd8ed1ab_0.conda#a9167b9571f3baa9d448faa2139d1089
https://conda.anaconda.org/conda-forge/noarch/click-8.3.3-pyhc90fa1f_0.conda#2266262ce8a425ecb6523d765f79b303
https://conda.anaconda.org/conda-forge/noarch/cloudpickle-3.1.2-pyhcf101f3_1.conda#61b8078a0905b12529abc622406cb62c
https://conda.anaconda.org/conda-forge/noarch/comm-0.2.3-pyhe01879c_0.conda#2da13f2b299d8e1995bafbbe9689a2f7
https://conda.anaconda.org/conda-forge/noarch/cpython-3.10.20-py310hd8ed1ab_0.conda#8a191f9c5f06977c752bf348c7363633
https://conda.anaconda.org/conda-forge/noarch/cycler-0.12.1-pyhcf101f3_2.conda#4c2a8fef270f6c69591889b93f9f55c1
https://conda.anaconda.org/conda-forge/linux-64/debugpy-1.8.20-py310h25320af_0.conda#6ae8cc92dfb0b063519b9203445506af
https://conda.anaconda.org/conda-forge/noarch/decorator-5.2.1-pyhd8ed1ab_0.conda#9ce473d1d1be1cc3810856a48b3fab32
https://conda.anaconda.org/conda-forge/noarch/executing-2.2.1-pyhd8ed1ab_0.conda#ff9efb7f7469aed3c4a8106ffa29593c
https://conda.anaconda.org/conda-forge/noarch/filelock-3.29.0-pyhd8ed1ab_0.conda#8fa8358d022a3a9bd101384a808044c6
https://conda.anaconda.org/conda-forge/linux-64/fontconfig-2.14.2-h14ed4e7_0.conda#0f69b688f52ff6da70bccb7ff7001d1d
https://conda.anaconda.org/conda-forge/noarch/fsspec-2026.4.0-pyhd8ed1ab_0.conda#2c11aa96ea85ced419de710c1c3a78ff
https://conda.anaconda.org/conda-forge/linux-64/gemmi-0.7.5-py310hba69e1a_0.conda#8893203b0cfe47431b65e8525ae82a1c
https://conda.anaconda.org/conda-forge/linux-64/greenlet-3.5.0-py310h25320af_0.conda#21b186077b307024f3aa5b9070283da6
https://conda.anaconda.org/conda-forge/noarch/hpack-4.1.0-pyhd8ed1ab_0.conda#0a802cb9888dd14eeefc611f05c40b6e
https://conda.anaconda.org/conda-forge/noarch/hyperframe-6.1.0-pyhd8ed1ab_0.conda#8e6923fc12f1fe8f8c4e5c9f343256ac
https://conda.anaconda.org/conda-forge/noarch/idna-3.13-pyhcf101f3_0.conda#fb7130c190f9b4ec91219840a05ba3ac
https://conda.anaconda.org/conda-forge/linux-64/kiwisolver-1.5.0-py310haaf941d_0.conda#8993ab7e5dce89147288dd78686e790c
https://conda.anaconda.org/conda-forge/linux-64/lcms2-2.12-hddcbb42_0.tar.bz2#797117394a4aa588de6d741b06fad80f
https://conda.anaconda.org/conda-forge/linux-64/libhwloc-2.11.2-default_he43201b_1000.conda#36247217c4e1018085bd9db41eb3526a
https://conda.anaconda.org/conda-forge/noarch/locket-1.0.0-pyhd8ed1ab_0.tar.bz2#91e27ef3d05cc772ce627e51cff111c4
https://conda.anaconda.org/conda-forge/linux-64/markupsafe-3.0.3-py310h3406613_1.conda#671afe636d2a97759804723f5afc22e0
https://conda.anaconda.org/conda-forge/linux-64/mpc-1.4.0-he0a73b1_0.conda#770d00bf57b5599c4544d61b61d8c6c6
https://conda.anaconda.org/conda-forge/noarch/munkres-1.1.4-pyhd8ed1ab_1.conda#37293a85a0f4f77bbd9cf7aaefc62609
https://conda.anaconda.org/conda-forge/noarch/nest-asyncio-1.6.0-pyhd8ed1ab_1.conda#598fd7d4d0de2455fb74f56063969a97
https://conda.anaconda.org/conda-forge/noarch/networkx-3.4.2-pyh267e887_2.conda#fd40bf7f7f4bc4b647dc8512053d9873
https://conda.anaconda.org/conda-forge/noarch/olefile-0.47-pyhd8ed1ab_1.conda#8f60e66ea748ad9ffd0a8e9d353d3a7d
https://conda.anaconda.org/conda-forge/linux-64/openjpeg-2.5.0-h7d73246_0.tar.bz2#93c291532f899698f193e82f8bd7a009
https://conda.anaconda.org/conda-forge/noarch/packaging-26.2-pyhc364b38_0.conda#4c06a92e74452cfa53623a81592e8934
https://conda.anaconda.org/conda-forge/noarch/parso-0.8.7-pyhcf101f3_0.conda#39894c952938276405a1bd30e4ce2caf
https://conda.anaconda.org/conda-forge/noarch/pickleshare-0.7.5-pyhd8ed1ab_1004.conda#11a9d1d09a3615fc07c3faf79bc0b943
https://conda.anaconda.org/conda-forge/noarch/platformdirs-4.9.6-pyhcf101f3_0.conda#89c0b6d1793601a2a3a3f7d2d3d8b937
https://conda.anaconda.org/conda-forge/linux-64/protobuf-5.28.3-py310hf71b8c6_0.conda#084db219a9da4261b3308d120b9b552a
https://conda.anaconda.org/conda-forge/linux-64/psutil-7.2.2-py310h139afa4_0.conda#d210342acdb8e3ca6434295497c10b7c
https://conda.anaconda.org/conda-forge/noarch/ptyprocess-0.7.0-pyhd8ed1ab_1.conda#7d9daffbb8d8e0af0f769dbbcd173a54
https://conda.anaconda.org/conda-forge/noarch/pure_eval-0.2.3-pyhd8ed1ab_1.conda#3bfdfb8dbcdc4af1ae3f9a8eb3948f04
https://conda.anaconda.org/conda-forge/noarch/pycparser-2.22-pyh29332c3_1.conda#12c566707c80111f9799308d9e265aef
https://conda.anaconda.org/conda-forge/noarch/pygments-2.20.0-pyhd8ed1ab_0.conda#16c18772b340887160c79a6acc022db0
https://conda.anaconda.org/conda-forge/noarch/pyparsing-3.3.2-pyhcf101f3_0.conda#3687cc0b82a8b4c17e1f0eb7e47163d5
https://conda.anaconda.org/conda-forge/noarch/pysocks-1.7.1-pyha55dd90_7.conda#461219d1a5bd61342293efa2c0c90eac
https://conda.anaconda.org/conda-forge/noarch/python-tzdata-2026.2-pyhd8ed1ab_0.conda#f6ad7450fc21e00ecc23812baed6d2e4
https://conda.anaconda.org/conda-forge/noarch/pytz-2026.2-pyhcf101f3_0.conda#03cb60f505ad3ada0a95277af5faeb1a
https://conda.anaconda.org/conda-forge/linux-64/pyyaml-6.0.3-py310h3406613_1.conda#2160894f57a40d2d629a34ee8497795f
https://conda.anaconda.org/conda-forge/linux-64/pyzmq-27.1.0-py310hc4bea81_2.conda#0731121636c788d581db487531d53928
https://conda.anaconda.org/conda-forge/noarch/setuptools-82.0.1-pyh332efcf_0.conda#8e194e7b992f99a5015edbd4ebd38efd
https://conda.anaconda.org/conda-forge/noarch/six-1.17.0-pyhe01879c_1.conda#3339e3b65d58accf4ca4fb8748ab16b3
https://conda.anaconda.org/conda-forge/noarch/smmap-5.0.3-pyhd8ed1ab_0.conda#69db183edbe5b7c3e6c157980057a9d0
https://conda.anaconda.org/conda-forge/noarch/toolz-1.1.0-pyhd8ed1ab_1.conda#c07a6153f8306e45794774cf9b13bd32
https://conda.anaconda.org/conda-forge/linux-64/tornado-6.5.5-py310h7c4b9e2_0.conda#1a1943b805cbe2538f772a462214d874
https://conda.anaconda.org/conda-forge/noarch/tqdm-4.67.3-pyh8f84b5b_0.conda#e5ce43272193b38c2e9037446c1d9206
https://conda.anaconda.org/conda-forge/noarch/traitlets-5.15.0-pyhcf101f3_0.conda#4bada6a6d908a27262af8ebddf4f7492
https://conda.anaconda.org/conda-forge/noarch/typing-3.10.0.0-pyhd8ed1ab_2.conda#28abeb80aea7eb4914f3a7543a47e248
https://conda.anaconda.org/conda-forge/noarch/typing_extensions-4.15.0-pyhcf101f3_0.conda#0caa1af407ecff61170c9437a808404d
https://conda.anaconda.org/conda-forge/linux-64/unicodedata2-17.0.1-py310h7c4b9e2_0.conda#234e9858dd691d3f597147e22cbf16cf
https://conda.anaconda.org/conda-forge/noarch/wcwidth-0.7.0-pyhd8ed1ab_0.conda#eb9538b8e55069434a18547f43b96059
https://conda.anaconda.org/conda-forge/noarch/zipp-3.23.1-pyhcf101f3_0.conda#e1c36c6121a7c9c76f2f148f1e83b983
https://conda.anaconda.org/conda-forge/linux-64/brunsli-0.1-h9c3ff4c_0.tar.bz2#c1ac6229d0bfd14f8354ff9ad2a26cad
https://conda.anaconda.org/conda-forge/linux-64/cairo-1.18.0-h3faef2a_0.conda#f907bb958910dc404647326ca80c263e
https://conda.anaconda.org/conda-forge/linux-64/cffi-2.0.0-py310he7384ee_1.conda#803e2d778b8dcccdc014127ec5001681
https://conda.anaconda.org/conda-forge/linux-64/cytoolz-1.1.0-py310h7c4b9e2_2.conda#83d52a0c1500d0f8120966b678bcab80
https://conda.anaconda.org/conda-forge/noarch/exceptiongroup-1.3.1-pyhd8ed1ab_0.conda#8e662bd460bda79b1ea39194e3c4c9ab
https://conda.anaconda.org/conda-forge/linux-64/fonttools-4.62.1-py310h3406613_0.conda#3bb3c6d2323bc23b14b28e16041354fe
https://conda.anaconda.org/conda-forge/noarch/gitdb-4.0.12-pyhd8ed1ab_0.conda#7c14f3706e099f8fcd47af2d494616cc
https://conda.anaconda.org/conda-forge/linux-64/gmpy2-2.3.0-py310h63ebcad_1.conda#82dcd4602e6ad2e016b3f15894d56d84
https://conda.anaconda.org/conda-forge/noarch/h2-4.3.0-pyhcf101f3_0.conda#164fc43f0b53b6e3a7bc7dce5e4f1dc9
https://conda.anaconda.org/conda-forge/noarch/importlib-metadata-8.8.0-pyhcf101f3_0.conda#080594bf4493e6bae2607e65390c520a
https://conda.anaconda.org/conda-forge/noarch/jedi-0.19.2-pyhd8ed1ab_1.conda#a4f4c5dc9b80bc50e0d3dc4e6e8f1bd9
https://conda.anaconda.org/conda-forge/noarch/jinja2-3.1.6-pyhcf101f3_1.conda#04558c96691bed63104678757beb4f8d
https://conda.anaconda.org/conda-forge/noarch/jupyter_core-5.9.1-pyhc90fa1f_0.conda#b38fe4e78ee75def7e599843ef4c1ab0
https://conda.anaconda.org/conda-forge/noarch/lightning-utilities-0.15.3-pyhd8ed1ab_0.conda#237d294ca3acd678f590f1754e090802
https://conda.anaconda.org/conda-forge/noarch/matplotlib-inline-0.2.2-pyhd8ed1ab_0.conda#9acc1c385be401d533ff70ef5b50dae6
https://conda.anaconda.org/conda-forge/noarch/partd-1.4.2-pyhd8ed1ab_0.conda#0badf9c54e24cecfb0ad2f99d680c163
https://conda.anaconda.org/conda-forge/noarch/pexpect-4.9.0-pyhd8ed1ab_1.conda#d0d408b1f18883a944376da5cf8101ea
https://conda.anaconda.org/conda-forge/linux-64/pillow-8.4.0-py310h07f4688_0.tar.bz2#8973650de582ff940bdc0d3972f439fb
https://conda.anaconda.org/conda-forge/noarch/prompt-toolkit-3.0.52-pyha770c72_0.conda#edb16f14d920fb3faf17f5ce582942d6
https://conda.anaconda.org/conda-forge/noarch/python-dateutil-2.9.0.post0-pyhe01879c_2.conda#5b8d21249ff20967101ffa321cab24e8
https://conda.anaconda.org/conda-forge/noarch/stack_data-0.6.3-pyhd8ed1ab_1.conda#b1b505328da7a6b246787df4b5a49fbc
https://conda.anaconda.org/conda-forge/linux-64/tbb-2021.13.0-hceb3a55_1.conda#ba7726b8df7b9d34ea80e82b097a4893
https://conda.anaconda.org/conda-forge/noarch/typing-extensions-4.15.0-h396c80c_0.conda#edd329d7d3a4ab45dcf905899a7a6115
https://conda.anaconda.org/conda-forge/noarch/typing-inspection-0.4.2-pyhcf101f3_2.conda#53f5409c5cfd6c5a66417d68e3f0a864
https://conda.anaconda.org/conda-forge/noarch/wheel-0.47.0-pyhd8ed1ab_0.conda#d0e3b2f0030cf4fca58bde71d246e94c
https://conda.anaconda.org/conda-forge/noarch/annotated-types-0.7.0-pyhd8ed1ab_1.conda#2934f256a8acfe48f6ebb4fce6cde29c
https://conda.anaconda.org/conda-forge/noarch/dask-core-2026.3.0-pyhc364b38_0.conda#809f4cde7c853f437becc43415a2ecdf
https://conda.anaconda.org/conda-forge/noarch/gitpython-3.1.50-pyhd8ed1ab_0.conda#98958318a01373a615f119b1040b3027
https://conda.anaconda.org/conda-forge/noarch/ipython-8.37.0-pyh8f84b5b_0.conda#177cfa19fe3d74c87a8889286dc64090
https://conda.anaconda.org/conda-forge/noarch/jupyter_client-8.8.0-pyhcf101f3_0.conda#8a3d6d0523f66cf004e563a50d9392b3
https://conda.anaconda.org/conda-forge/linux-64/librdkit-2024.03.6-h04b5189_0.conda#bcf01d215bebbe620cd5f7eeb5904859
https://conda.anaconda.org/conda-forge/linux-64/mkl-2022.1.0-h84fe81f_915.tar.bz2#b9c8f925797a93dbff45e1626b025a6b
https://conda.anaconda.org/conda-forge/linux-64/openbabel-3.1.1-py310hbff9852_9.conda#d0c954b4b35b13b13871a829eaf413f4
https://conda.anaconda.org/conda-forge/noarch/pip-26.1.1-pyh8b19718_0.conda#35870d32aed92041d31cbb15e822dca3
https://conda.anaconda.org/conda-forge/linux-64/pycairo-1.27.0-py310h25ff670_0.conda#97d04aa121ff0b2ec6c1c6cb32b11e2f
https://conda.anaconda.org/conda-forge/linux-64/pydantic-core-2.46.4-py310hd8f68c5_0.conda#72935a417123f81985cc29b58ed26b3c
https://conda.anaconda.org/conda-forge/linux-64/reportlab-3.5.68-py310h94fcab3_1.tar.bz2#a13516125127c6bc247c74265180d396
https://conda.anaconda.org/conda-forge/linux-64/sqlalchemy-2.0.49-py310h139afa4_0.conda#8db8818f733deca2d5f7041fe4819ee0
https://conda.anaconda.org/conda-forge/linux-64/zstandard-0.23.0-py310h7c4b9e2_3.conda#64c494618303717a9a08e3238bcb8d68
https://conda.anaconda.org/conda-forge/noarch/ipykernel-7.2.0-pyha191276_1.conda#8b267f517b81c13594ed68d646fd5dcb
https://conda.anaconda.org/conda-forge/linux-64/libblas-3.9.0-16_linux64_mkl.tar.bz2#85f61af03fd291dae33150ffe89dc09a
https://conda.anaconda.org/conda-forge/linux-64/mkl-devel-2022.1.0-ha770c72_916.tar.bz2#69ba49e445f87aea2cba343a71a35ca2
https://conda.anaconda.org/conda-forge/noarch/pydantic-2.13.4-pyhcf101f3_0.conda#729843edafc0899b3348bd3f19525b9d
https://conda.anaconda.org/conda-forge/noarch/urllib3-2.5.0-pyhd8ed1ab_0.conda#436c165519e140cb08d246a4472a9d6a
https://conda.anaconda.org/conda-forge/linux-64/libcblas-3.9.0-16_linux64_mkl.tar.bz2#361bf757b95488de76c4f123805742d3
https://conda.anaconda.org/conda-forge/linux-64/liblapack-3.9.0-16_linux64_mkl.tar.bz2#a2f166748917d6d6e4707841ca1f519e
https://conda.anaconda.org/conda-forge/noarch/requests-2.34.0-pyhcf101f3_0.conda#a5985537dab1ba7034b5ff4ea22e2fa9
https://conda.anaconda.org/conda-forge/noarch/sentry-sdk-2.59.0-pyhd8ed1ab_0.conda#6471c3c6e71a94e381f691327ca4a5f8
https://conda.anaconda.org/conda-forge/linux-64/liblapacke-3.9.0-16_linux64_mkl.tar.bz2#44ccc4d4dca6a8d57fa17442bc64b5a1
https://conda.anaconda.org/conda-forge/linux-64/numpy-1.26.4-py310hb13e2d6_0.conda#6593de64c935768b6bad3e19b3e978be
https://conda.anaconda.org/conda-forge/linux-64/wandb-0.26.1-py310hd8f68c5_0.conda#7ae690ff8a780b7aee0c383ef5df7e3e
https://conda.anaconda.org/conda-forge/linux-64/blas-devel-3.9.0-16_linux64_mkl.tar.bz2#3f92c1c9e1c0e183462c5071aa02cae1
https://conda.anaconda.org/conda-forge/linux-64/contourpy-1.3.2-py310h3788b33_0.conda#b6420d29123c7c823de168f49ccdfe6a
https://conda.anaconda.org/conda-forge/linux-64/imagecodecs-2022.2.22-py310h31a0021_4.tar.bz2#a765613a2398ceb225331f8a2a19d43f
https://conda.anaconda.org/conda-forge/noarch/imageio-2.37.0-pyhfb79c49_0.conda#b5577bc2212219566578fd5af9993af6
https://conda.anaconda.org/conda-forge/linux-64/libboost-python-1.84.0-py310ha2bacc8_7.conda#cf7d416a851f79d9fbc271b22c75375e
https://conda.anaconda.org/conda-forge/linux-64/pandas-2.3.3-py310h0158d43_2.conda#0610ed073acc4737d036125a5a6dbae2
https://conda.anaconda.org/conda-forge/linux-64/pywavelets-1.8.0-py310hf462985_0.conda#4c441eff2be2e65bd67765c5642051c5
https://conda.anaconda.org/conda-forge/linux-64/scipy-1.15.2-py310h1d65ade_0.conda#8c29cd33b64b2eb78597fa28b5595c8d
https://conda.anaconda.org/conda-forge/linux-64/blas-2.116-mkl.tar.bz2#c196a26abf6b4f132c88828ab7c2231c
https://conda.anaconda.org/conda-forge/linux-64/matplotlib-base-3.10.1-py310h68603db_0.conda#29cf3f5959afb841eda926541f26b0fb
https://conda.anaconda.org/conda-forge/noarch/tifffile-2022.10.10-pyhd8ed1ab_0.tar.bz2#1c126ff5b4643785bbc16e44e6327e41
https://conda.anaconda.org/conda-forge/linux-64/rdkit-2024.03.6-py310hf76b54c_0.conda#0af73e68c69555df9e3943d7b0584851
https://conda.anaconda.org/conda-forge/linux-64/scikit-image-0.19.3-py310h769672d_2.tar.bz2#c0391107b0cd0010708d6969ed759e8b
https://conda.anaconda.org/conda-forge/noarch/torchmetrics-1.9.0-pyhd8ed1ab_0.conda#307ddb12f595fd5910ebd5b98cb00561
https://conda.anaconda.org/pytorch/linux-64/pytorch-2.5.1-py3.10_cuda11.8_cudnn9.1.0_0.tar.bz2#5bb0bca961b9c06224b95a708727269b
https://conda.anaconda.org/pytorch/linux-64/torchtriton-3.1.0-py310.tar.bz2#364255085c91240128e1be1934a43983
